
Microsoft Visual Studio Solution File, Format Version 12.00
# Visual Studio Version 17
VisualStudioVersion = 17.0.31808.319
MinimumVisualStudioVersion = 10.0.40219.1
Project("{2150E333-8FDC-42A3-9474-1A3956D46DE8}") = "examples", "examples", "{E0C95EB6-8D24-48D3-9F6D-E9B37A51CC94}"
EndProject
Project("{2150E333-8FDC-42A3-9474-1A3956D46DE8}") = "src", "src", "{CCEFCC99-A21C-49D1-B305-80FCA430DCB6}"
EndProject
Project("{2150E333-8FDC-42A3-9474-1A3956D46DE8}") = "test", "test", "{269A2CFD-C70C-4830-8F3A-FEBA2CDA536F}"
EndProject
Project("{2150E333-8FDC-42A3-9474-1A3956D46DE8}") = "docs", "docs", "{5781D4FB-EA39-4678-B1B0-59721D1276DF}"
EndProject
Project("{9A19103F-16F7-4668-BE54-9A1E7A4F7556}") = "Nanocode.Data", "src\Nanocode.Data\Nanocode.Data.csproj", "{07BDCF4C-17A7-4E7B-B835-E682EBE00595}"
EndProject
Project("{9A19103F-16F7-4668-BE54-9A1E7A4F7556}") = "Nanocode.Data.Tests", "test\Nanocode.Data.Tests\Nanocode.Data.Tests.csproj", "{D290F76E-CAC2-4D1D-AD40-E4C989CF5E78}"
EndProject
Project("{9A19103F-16F7-4668-BE54-9A1E7A4F7556}") = "Nanocode.Data.Examples", "examples\Nanocode.Data.Examples\Nanocode.Data.Examples.csproj", "{CFFB49C3-F875-4230-A274-00ACD89B6BC3}"
EndProject
Global
	GlobalSection(SolutionConfigurationPlatforms) = preSolution
		Debug|Any CPU = Debug|Any CPU
		Release|Any CPU = Release|Any CPU
	EndGlobalSection
	GlobalSection(ProjectConfigurationPlatforms) = postSolution
		{07BDCF4C-17A7-4E7B-B835-E682EBE00595}.Debug|Any CPU.ActiveCfg = Debug|Any CPU
		{07BDCF4C-17A7-4E7B-B835-E682EBE00595}.Debug|Any CPU.Build.0 = Debug|Any CPU
		{07BDCF4C-17A7-4E7B-B835-E682EBE00595}.Release|Any CPU.ActiveCfg = Release|Any CPU
		{07BDCF4C-17A7-4E7B-B835-E682EBE00595}.Release|Any CPU.Build.0 = Release|Any CPU
		{D290F76E-CAC2-4D1D-AD40-E4C989CF5E78}.Debug|Any CPU.ActiveCfg = Debug|Any CPU
		{D290F76E-CAC2-4D1D-AD40-E4C989CF5E78}.Debug|Any CPU.Build.0 = Debug|Any CPU
		{D290F76E-CAC2-4D1D-AD40-E4C989CF5E78}.Release|Any CPU.ActiveCfg = Release|Any CPU
		{D290F76E-CAC2-4D1D-AD40-E4C989CF5E78}.Release|Any CPU.Build.0 = Release|Any CPU
		{CFFB49C3-F875-4230-A274-00ACD89B6BC3}.Debug|Any CPU.ActiveCfg = Debug|Any CPU
		{CFFB49C3-F875-4230-A274-00ACD89B6BC3}.Debug|Any CPU.Build.0 = Debug|Any CPU
		{CFFB49C3-F875-4230-A274-00ACD89B6BC3}.Release|Any CPU.ActiveCfg = Release|Any CPU
		{CFFB49C3-F875-4230-A274-00ACD89B6BC3}.Release|Any CPU.Build.0 = Release|Any CPU
	EndGlobalSection
	GlobalSection(SolutionProperties) = preSolution
		HideSolutionNode = FALSE
	EndGlobalSection
	GlobalSection(NestedProjects) = preSolution
		{07BDCF4C-17A7-4E7B-B835-E682EBE00595} = {CCEFCC99-A21C-49D1-B305-80FCA430DCB6}
		{D290F76E-CAC2-4D1D-AD40-E4C989CF5E78} = {269A2CFD-C70C-4830-8F3A-FEBA2CDA536F}
		{CFFB49C3-F875-4230-A274-00ACD89B6BC3} = {E0C95EB6-8D24-48D3-9F6D-E9B37A51CC94}
	EndGlobalSection
	GlobalSection(ExtensibilityGlobals) = postSolution
		SolutionGuid = {8592E19E-8D32-413E-9DC9-AD5668D1C9D7}
	EndGlobalSection
EndGlobal
