
Microsoft Visual Studio Solution File, Format Version 12.00
# Visual Studio Version 17
VisualStudioVersion = 17.0.31808.319
MinimumVisualStudioVersion = 10.0.40219.1
Project("{9A19103F-16F7-4668-BE54-9A1E7A4F7556}") = "NanoCode.Data", "NanoCode.Data\NanoCode.Data.csproj", "{56CED5CB-1C49-4510-9FD3-71B04E6B7047}"
EndProject
Project("{FAE04EC0-301F-11D3-BF4B-00C04F79EFBC}") = "NanoCode.Data.Tests", "NanoCode.Data.Tests\NanoCode.Data.Tests.csproj", "{E0F89EF9-ACCE-460D-A2C7-D2A11C67C512}"
EndProject
Project("{FAE04EC0-301F-11D3-BF4B-00C04F79EFBC}") = "NanoCode.Data.Examples", "NanoCode.Data.Examples\NanoCode.Data.Examples.csproj", "{BE0456EA-56FE-4B16-84F3-5964228ABCCA}"
EndProject
Project("{2150E333-8FDC-42A3-9474-1A3956D46DE8}") = "Code", "Code", "{70836693-B82E-4821-A917-167B9B2CCF97}"
EndProject
Project("{2150E333-8FDC-42A3-9474-1A3956D46DE8}") = "Unit Tests", "Unit Tests", "{3F6B5976-2AB7-489F-A25A-C765E84C6E02}"
EndProject
Project("{2150E333-8FDC-42A3-9474-1A3956D46DE8}") = "Examples", "Examples", "{E0C95EB6-8D24-48D3-9F6D-E9B37A51CC94}"
EndProject
Global
	GlobalSection(SolutionConfigurationPlatforms) = preSolution
		Debug|Any CPU = Debug|Any CPU
		Release|Any CPU = Release|Any CPU
	EndGlobalSection
	GlobalSection(ProjectConfigurationPlatforms) = postSolution
		{56CED5CB-1C49-4510-9FD3-71B04E6B7047}.Debug|Any CPU.ActiveCfg = Debug|Any CPU
		{56CED5CB-1C49-4510-9FD3-71B04E6B7047}.Debug|Any CPU.Build.0 = Debug|Any CPU
		{56CED5CB-1C49-4510-9FD3-71B04E6B7047}.Release|Any CPU.ActiveCfg = Release|Any CPU
		{56CED5CB-1C49-4510-9FD3-71B04E6B7047}.Release|Any CPU.Build.0 = Release|Any CPU
		{E0F89EF9-ACCE-460D-A2C7-D2A11C67C512}.Debug|Any CPU.ActiveCfg = Debug|Any CPU
		{E0F89EF9-ACCE-460D-A2C7-D2A11C67C512}.Debug|Any CPU.Build.0 = Debug|Any CPU
		{E0F89EF9-ACCE-460D-A2C7-D2A11C67C512}.Release|Any CPU.ActiveCfg = Release|Any CPU
		{E0F89EF9-ACCE-460D-A2C7-D2A11C67C512}.Release|Any CPU.Build.0 = Release|Any CPU
		{BE0456EA-56FE-4B16-84F3-5964228ABCCA}.Debug|Any CPU.ActiveCfg = Debug|Any CPU
		{BE0456EA-56FE-4B16-84F3-5964228ABCCA}.Debug|Any CPU.Build.0 = Debug|Any CPU
		{BE0456EA-56FE-4B16-84F3-5964228ABCCA}.Release|Any CPU.ActiveCfg = Release|Any CPU
		{BE0456EA-56FE-4B16-84F3-5964228ABCCA}.Release|Any CPU.Build.0 = Release|Any CPU
	EndGlobalSection
	GlobalSection(SolutionProperties) = preSolution
		HideSolutionNode = FALSE
	EndGlobalSection
	GlobalSection(NestedProjects) = preSolution
		{56CED5CB-1C49-4510-9FD3-71B04E6B7047} = {70836693-B82E-4821-A917-167B9B2CCF97}
		{E0F89EF9-ACCE-460D-A2C7-D2A11C67C512} = {3F6B5976-2AB7-489F-A25A-C765E84C6E02}
		{BE0456EA-56FE-4B16-84F3-5964228ABCCA} = {E0C95EB6-8D24-48D3-9F6D-E9B37A51CC94}
	EndGlobalSection
	GlobalSection(ExtensibilityGlobals) = postSolution
		SolutionGuid = {8592E19E-8D32-413E-9DC9-AD5668D1C9D7}
	EndGlobalSection
EndGlobal
